
Microsoft Visual Studio Solution File, Format Version 12.00
# Visual Studio Version 17
VisualStudioVersion = 17.7.34031.279
MinimumVisualStudioVersion = 10.0.40219.1
Project("{2150E333-8FDC-42A3-9474-1A3956D46DE8}") = "Task0", "Task0", "{5B6E6F09-2716-4892-BBD6-D6A7EA6F511E}"
EndProject
Project("{FAE04EC0-301F-11D3-BF4B-00C04F79EFBC}") = "Tyuiu.SpirinAA.Sprint4.Task0.V11", "Tyuiu.SpirinAA.Sprint4.Task0.V11\Tyuiu.SpirinAA.Sprint4.Task0.V11.csproj", "{31258A16-4EAC-4596-A292-DBD6EBE8B027}"
EndProject
Project("{FAE04EC0-301F-11D3-BF4B-00C04F79EFBC}") = "Tyuiu.SpirinAA.Sprint4.Task0.V11.Lib", "Tyuiu.SpirinAA.Sprint4.Task0.V11.Lib\Tyuiu.SpirinAA.Sprint4.Task0.V11.Lib.csproj", "{F669B761-370D-4858-A132-95D733A48029}"
EndProject
Project("{FAE04EC0-301F-11D3-BF4B-00C04F79EFBC}") = "Tyuiu.SpirinAA.Sprint4.Task0.V11.Test", "Tyuiu.SpirinAA.Sprint4.Task0.V11.Test\Tyuiu.SpirinAA.Sprint4.Task0.V11.Test.csproj", "{B649677A-FB01-46E7-864E-38EBE859BF6C}"
EndProject
Project("{2150E333-8FDC-42A3-9474-1A3956D46DE8}") = "Task1", "Task1", "{E6CC0141-4E3B-4C4D-A4A9-AFC63D5320A8}"
EndProject
Project("{FAE04EC0-301F-11D3-BF4B-00C04F79EFBC}") = "Tyuiu.SpirinAA.Sprint4.Task1.V6", "Tyuiu.SpirinAA.Sprint4.Task1.V6\Tyuiu.SpirinAA.Sprint4.Task1.V6.csproj", "{980D457B-D6C9-4581-90F2-B92908746E84}"
EndProject
Project("{FAE04EC0-301F-11D3-BF4B-00C04F79EFBC}") = "Tyuiu.SpirinAA.Sprint4.Task1.V6.Lib", "Tyuiu.SpirinAA.Sprint4.Task1.V6.Lib\Tyuiu.SpirinAA.Sprint4.Task1.V6.Lib.csproj", "{45024E35-EA31-40AE-9966-551F199753E5}"
EndProject
Project("{FAE04EC0-301F-11D3-BF4B-00C04F79EFBC}") = "Tyuiu.SpirinAA.Sprint4.Task1.V6.Test", "Tyuiu.SpirinAA.Sprint4.Task1.V6.Test\Tyuiu.SpirinAA.Sprint4.Task1.V6.Test.csproj", "{414D7D03-E891-425F-A10E-BD0088B8CBA1}"
EndProject
Project("{2150E333-8FDC-42A3-9474-1A3956D46DE8}") = "Task2", "Task2", "{4BF837B9-7970-4E7E-AEC4-718BBECAA1DA}"
EndProject
Project("{FAE04EC0-301F-11D3-BF4B-00C04F79EFBC}") = "Tyuiu.SpirinAA.Sprint4.Task2.V12", "Tyuiu.SpirinAA.Sprint4.Task2.V12\Tyuiu.SpirinAA.Sprint4.Task2.V12.csproj", "{5B1D36D9-D005-4785-8732-3EE951833D91}"
EndProject
Project("{FAE04EC0-301F-11D3-BF4B-00C04F79EFBC}") = "Tyuiu.SpirinAA.Sprint4.Task2.V12.Lib", "Tyuiu.SpirinAA.Sprint4.Task2.V12.Lib\Tyuiu.SpirinAA.Sprint4.Task2.V12.Lib.csproj", "{D98F7AC0-ABFE-4584-A929-3A503492ECE7}"
EndProject
Project("{FAE04EC0-301F-11D3-BF4B-00C04F79EFBC}") = "Tyuiu.SpirinAA.Sprint4.Task2.V12.Test", "Tyuiu.SpirinAA.Sprint4.Task2.V12.Test\Tyuiu.SpirinAA.Sprint4.Task2.V12.Test.csproj", "{EA0BCC9A-9B46-432F-995C-82176B03ED2E}"
EndProject
Project("{2150E333-8FDC-42A3-9474-1A3956D46DE8}") = "Task3", "Task3", "{F38E2996-BBFA-410D-B6AB-5C9CA974F743}"
EndProject
Project("{FAE04EC0-301F-11D3-BF4B-00C04F79EFBC}") = "Tyuiu.SpirinAA.Sprint4.Task3.V6", "Tyuiu.SpirinAA.Sprint4.Task3.V6\Tyuiu.SpirinAA.Sprint4.Task3.V6.csproj", "{CBC8EBDF-D9BD-4E9A-B05B-A1F47C2C4D60}"
EndProject
Project("{FAE04EC0-301F-11D3-BF4B-00C04F79EFBC}") = "Tyuiu.SpirinAA.Sprint4.Task3.V6.Lib", "Tyuiu.SpirinAA.Sprint4.Task3.V6.Lib\Tyuiu.SpirinAA.Sprint4.Task3.V6.Lib.csproj", "{BD07D780-FD1A-4C94-ADA7-9252721862F0}"
EndProject
Project("{FAE04EC0-301F-11D3-BF4B-00C04F79EFBC}") = "Tyuiu.SpirinAA.Sprint4.Task3.V6.Test", "Tyuiu.SpirinAA.Sprint4.Task3.V6.Test\Tyuiu.SpirinAA.Sprint4.Task3.V6.Test.csproj", "{A149235F-F602-4C51-8971-A0518B747A5E}"
EndProject
Project("{2150E333-8FDC-42A3-9474-1A3956D46DE8}") = "Task4", "Task4", "{3BB3FD91-FB7B-430D-B635-CB67451BC7F1}"
EndProject
Project("{FAE04EC0-301F-11D3-BF4B-00C04F79EFBC}") = "Tyuiu.SpirinAA.Sprint4.Task4.V16", "Tyuiu.SpirinAA.Sprint4.Task4.V16\Tyuiu.SpirinAA.Sprint4.Task4.V16.csproj", "{803B24FF-937F-4B9B-BEA1-643BA6B9CD90}"
EndProject
Project("{FAE04EC0-301F-11D3-BF4B-00C04F79EFBC}") = "Tyuiu.SpirinAA.Sprint4.Task4.V16.Lib", "Tyuiu.SpirinAA.Sprint4.Task4.V16.Lib\Tyuiu.SpirinAA.Sprint4.Task4.V16.Lib.csproj", "{75F27BD0-5625-4BCF-B1EE-89ED0D14646E}"
EndProject
Project("{FAE04EC0-301F-11D3-BF4B-00C04F79EFBC}") = "Tyuiu.SpirinAA.Sprint4.Task4.V16.Test", "Tyuiu.SpirinAA.Sprint4.Task4.V16.Test\Tyuiu.SpirinAA.Sprint4.Task4.V16.Test.csproj", "{68CFADA7-AA7C-46AF-BB09-1FFD12413065}"
EndProject
Global
	GlobalSection(SolutionConfigurationPlatforms) = preSolution
		Debug|Any CPU = Debug|Any CPU
		Release|Any CPU = Release|Any CPU
	EndGlobalSection
	GlobalSection(ProjectConfigurationPlatforms) = postSolution
		{31258A16-4EAC-4596-A292-DBD6EBE8B027}.Debug|Any CPU.ActiveCfg = Debug|Any CPU
		{31258A16-4EAC-4596-A292-DBD6EBE8B027}.Debug|Any CPU.Build.0 = Debug|Any CPU
		{31258A16-4EAC-4596-A292-DBD6EBE8B027}.Release|Any CPU.ActiveCfg = Release|Any CPU
		{31258A16-4EAC-4596-A292-DBD6EBE8B027}.Release|Any CPU.Build.0 = Release|Any CPU
		{F669B761-370D-4858-A132-95D733A48029}.Debug|Any CPU.ActiveCfg = Debug|Any CPU
		{F669B761-370D-4858-A132-95D733A48029}.Debug|Any CPU.Build.0 = Debug|Any CPU
		{F669B761-370D-4858-A132-95D733A48029}.Release|Any CPU.ActiveCfg = Release|Any CPU
		{F669B761-370D-4858-A132-95D733A48029}.Release|Any CPU.Build.0 = Release|Any CPU
		{B649677A-FB01-46E7-864E-38EBE859BF6C}.Debug|Any CPU.ActiveCfg = Debug|Any CPU
		{B649677A-FB01-46E7-864E-38EBE859BF6C}.Debug|Any CPU.Build.0 = Debug|Any CPU
		{B649677A-FB01-46E7-864E-38EBE859BF6C}.Release|Any CPU.ActiveCfg = Release|Any CPU
		{B649677A-FB01-46E7-864E-38EBE859BF6C}.Release|Any CPU.Build.0 = Release|Any CPU
		{980D457B-D6C9-4581-90F2-B92908746E84}.Debug|Any CPU.ActiveCfg = Debug|Any CPU
		{980D457B-D6C9-4581-90F2-B92908746E84}.Debug|Any CPU.Build.0 = Debug|Any CPU
		{980D457B-D6C9-4581-90F2-B92908746E84}.Release|Any CPU.ActiveCfg = Release|Any CPU
		{980D457B-D6C9-4581-90F2-B92908746E84}.Release|Any CPU.Build.0 = Release|Any CPU
		{45024E35-EA31-40AE-9966-551F199753E5}.Debug|Any CPU.ActiveCfg = Debug|Any CPU
		{45024E35-EA31-40AE-9966-551F199753E5}.Debug|Any CPU.Build.0 = Debug|Any CPU
		{45024E35-EA31-40AE-9966-551F199753E5}.Release|Any CPU.ActiveCfg = Release|Any CPU
		{45024E35-EA31-40AE-9966-551F199753E5}.Release|Any CPU.Build.0 = Release|Any CPU
		{414D7D03-E891-425F-A10E-BD0088B8CBA1}.Debug|Any CPU.ActiveCfg = Debug|Any CPU
		{414D7D03-E891-425F-A10E-BD0088B8CBA1}.Debug|Any CPU.Build.0 = Debug|Any CPU
		{414D7D03-E891-425F-A10E-BD0088B8CBA1}.Release|Any CPU.ActiveCfg = Release|Any CPU
		{414D7D03-E891-425F-A10E-BD0088B8CBA1}.Release|Any CPU.Build.0 = Release|Any CPU
		{5B1D36D9-D005-4785-8732-3EE951833D91}.Debug|Any CPU.ActiveCfg = Debug|Any CPU
		{5B1D36D9-D005-4785-8732-3EE951833D91}.Debug|Any CPU.Build.0 = Debug|Any CPU
		{5B1D36D9-D005-4785-8732-3EE951833D91}.Release|Any CPU.ActiveCfg = Release|Any CPU
		{5B1D36D9-D005-4785-8732-3EE951833D91}.Release|Any CPU.Build.0 = Release|Any CPU
		{D98F7AC0-ABFE-4584-A929-3A503492ECE7}.Debug|Any CPU.ActiveCfg = Debug|Any CPU
		{D98F7AC0-ABFE-4584-A929-3A503492ECE7}.Debug|Any CPU.Build.0 = Debug|Any CPU
		{D98F7AC0-ABFE-4584-A929-3A503492ECE7}.Release|Any CPU.ActiveCfg = Release|Any CPU
		{D98F7AC0-ABFE-4584-A929-3A503492ECE7}.Release|Any CPU.Build.0 = Release|Any CPU
		{EA0BCC9A-9B46-432F-995C-82176B03ED2E}.Debug|Any CPU.ActiveCfg = Debug|Any CPU
		{EA0BCC9A-9B46-432F-995C-82176B03ED2E}.Debug|Any CPU.Build.0 = Debug|Any CPU
		{EA0BCC9A-9B46-432F-995C-82176B03ED2E}.Release|Any CPU.ActiveCfg = Release|Any CPU
		{EA0BCC9A-9B46-432F-995C-82176B03ED2E}.Release|Any CPU.Build.0 = Release|Any CPU
		{CBC8EBDF-D9BD-4E9A-B05B-A1F47C2C4D60}.Debug|Any CPU.ActiveCfg = Debug|Any CPU
		{CBC8EBDF-D9BD-4E9A-B05B-A1F47C2C4D60}.Debug|Any CPU.Build.0 = Debug|Any CPU
		{CBC8EBDF-D9BD-4E9A-B05B-A1F47C2C4D60}.Release|Any CPU.ActiveCfg = Release|Any CPU
		{CBC8EBDF-D9BD-4E9A-B05B-A1F47C2C4D60}.Release|Any CPU.Build.0 = Release|Any CPU
		{BD07D780-FD1A-4C94-ADA7-9252721862F0}.Debug|Any CPU.ActiveCfg = Debug|Any CPU
		{BD07D780-FD1A-4C94-ADA7-9252721862F0}.Debug|Any CPU.Build.0 = Debug|Any CPU
		{BD07D780-FD1A-4C94-ADA7-9252721862F0}.Release|Any CPU.ActiveCfg = Release|Any CPU
		{BD07D780-FD1A-4C94-ADA7-9252721862F0}.Release|Any CPU.Build.0 = Release|Any CPU
		{A149235F-F602-4C51-8971-A0518B747A5E}.Debug|Any CPU.ActiveCfg = Debug|Any CPU
		{A149235F-F602-4C51-8971-A0518B747A5E}.Debug|Any CPU.Build.0 = Debug|Any CPU
		{A149235F-F602-4C51-8971-A0518B747A5E}.Release|Any CPU.ActiveCfg = Release|Any CPU
		{A149235F-F602-4C51-8971-A0518B747A5E}.Release|Any CPU.Build.0 = Release|Any CPU
		{803B24FF-937F-4B9B-BEA1-643BA6B9CD90}.Debug|Any CPU.ActiveCfg = Debug|Any CPU
		{803B24FF-937F-4B9B-BEA1-643BA6B9CD90}.Debug|Any CPU.Build.0 = Debug|Any CPU
		{803B24FF-937F-4B9B-BEA1-643BA6B9CD90}.Release|Any CPU.ActiveCfg = Release|Any CPU
		{803B24FF-937F-4B9B-BEA1-643BA6B9CD90}.Release|Any CPU.Build.0 = Release|Any CPU
		{75F27BD0-5625-4BCF-B1EE-89ED0D14646E}.Debug|Any CPU.ActiveCfg = Debug|Any CPU
		{75F27BD0-5625-4BCF-B1EE-89ED0D14646E}.Debug|Any CPU.Build.0 = Debug|Any CPU
		{75F27BD0-5625-4BCF-B1EE-89ED0D14646E}.Release|Any CPU.ActiveCfg = Release|Any CPU
		{75F27BD0-5625-4BCF-B1EE-89ED0D14646E}.Release|Any CPU.Build.0 = Release|Any CPU
		{68CFADA7-AA7C-46AF-BB09-1FFD12413065}.Debug|Any CPU.ActiveCfg = Debug|Any CPU
		{68CFADA7-AA7C-46AF-BB09-1FFD12413065}.Debug|Any CPU.Build.0 = Debug|Any CPU
		{68CFADA7-AA7C-46AF-BB09-1FFD12413065}.Release|Any CPU.ActiveCfg = Release|Any CPU
		{68CFADA7-AA7C-46AF-BB09-1FFD12413065}.Release|Any CPU.Build.0 = Release|Any CPU
	EndGlobalSection
	GlobalSection(SolutionProperties) = preSolution
		HideSolutionNode = FALSE
	EndGlobalSection
	GlobalSection(NestedProjects) = preSolution
		{31258A16-4EAC-4596-A292-DBD6EBE8B027} = {5B6E6F09-2716-4892-BBD6-D6A7EA6F511E}
		{F669B761-370D-4858-A132-95D733A48029} = {5B6E6F09-2716-4892-BBD6-D6A7EA6F511E}
		{B649677A-FB01-46E7-864E-38EBE859BF6C} = {5B6E6F09-2716-4892-BBD6-D6A7EA6F511E}
		{980D457B-D6C9-4581-90F2-B92908746E84} = {E6CC0141-4E3B-4C4D-A4A9-AFC63D5320A8}
		{45024E35-EA31-40AE-9966-551F199753E5} = {E6CC0141-4E3B-4C4D-A4A9-AFC63D5320A8}
		{414D7D03-E891-425F-A10E-BD0088B8CBA1} = {E6CC0141-4E3B-4C4D-A4A9-AFC63D5320A8}
		{5B1D36D9-D005-4785-8732-3EE951833D91} = {4BF837B9-7970-4E7E-AEC4-718BBECAA1DA}
		{D98F7AC0-ABFE-4584-A929-3A503492ECE7} = {4BF837B9-7970-4E7E-AEC4-718BBECAA1DA}
		{EA0BCC9A-9B46-432F-995C-82176B03ED2E} = {4BF837B9-7970-4E7E-AEC4-718BBECAA1DA}
		{CBC8EBDF-D9BD-4E9A-B05B-A1F47C2C4D60} = {F38E2996-BBFA-410D-B6AB-5C9CA974F743}
		{BD07D780-FD1A-4C94-ADA7-9252721862F0} = {F38E2996-BBFA-410D-B6AB-5C9CA974F743}
		{A149235F-F602-4C51-8971-A0518B747A5E} = {F38E2996-BBFA-410D-B6AB-5C9CA974F743}
		{803B24FF-937F-4B9B-BEA1-643BA6B9CD90} = {3BB3FD91-FB7B-430D-B635-CB67451BC7F1}
		{75F27BD0-5625-4BCF-B1EE-89ED0D14646E} = {3BB3FD91-FB7B-430D-B635-CB67451BC7F1}
		{68CFADA7-AA7C-46AF-BB09-1FFD12413065} = {3BB3FD91-FB7B-430D-B635-CB67451BC7F1}
	EndGlobalSection
	GlobalSection(ExtensibilityGlobals) = postSolution
		SolutionGuid = {D253A00E-AD90-4F2A-802E-CE65F21639D8}
	EndGlobalSection
EndGlobal
